
Microsoft Visual Studio Solution File, Format Version 12.00
# Visual Studio Version 17
VisualStudioVersion = 17.3.32519.111
MinimumVisualStudioVersion = 10.0.40219.1
Project("{9A19103F-16F7-4668-BE54-9A1E7A4F7556}") = "Fes", "Fes\Fes.csproj", "{2123AB69-3F18-4531-9606-8B1E074F8F93}"
EndProject
Global
	GlobalSection(SolutionConfigurationPlatforms) = preSolution
		Debug|Any CPU = Debug|Any CPU
		Release|Any CPU = Release|Any CPU
	EndGlobalSection
	GlobalSection(ProjectConfigurationPlatforms) = postSolution
		{2123AB69-3F18-4531-9606-8B1E074F8F93}.Debug|Any CPU.ActiveCfg = Debug|Any CPU
		{2123AB69-3F18-4531-9606-8B1E074F8F93}.Debug|Any CPU.Build.0 = Debug|Any CPU
		{2123AB69-3F18-4531-9606-8B1E074F8F93}.Release|Any CPU.ActiveCfg = Release|Any CPU
		{2123AB69-3F18-4531-9606-8B1E074F8F93}.Release|Any CPU.Build.0 = Release|Any CPU
	EndGlobalSection
	GlobalSection(SolutionProperties) = preSolution
		HideSolutionNode = FALSE
	EndGlobalSection
	GlobalSection(ExtensibilityGlobals) = postSolution
		SolutionGuid = {8BB51E2B-2911-4939-8CD4-42C4C03C155F}
	EndGlobalSection
EndGlobal
