Microsoft Visual Studio Solution File, Format Version 12.00
# Visual Studio Version 17
VisualStudioVersion = 17.3.32519.111
MinimumVisualStudioVersion = 16.0.0.0
Project("{9A19103F-16F7-4668-BE54-9A1E7A4F7556}") = "Editor.Server", "Server\Editor.Server.csproj", "{C21B6228-73BF-45C3-A427-C73299921995}"
EndProject
Project("{9A19103F-16F7-4668-BE54-9A1E7A4F7556}") = "Editor.Client", "Client\Editor.Client.csproj", "{BA0A9F9D-CDEF-4289-9869-2734D64FBE46}"
EndProject
Project("{9A19103F-16F7-4668-BE54-9A1E7A4F7556}") = "Editor.Shared", "Shared\Editor.Shared.csproj", "{2D73B6F4-E7AA-4974-AF80-E2C321EB84C6}"
EndProject
Project("{2150E333-8FDC-42A3-9474-1A3956D46DE8}") = "Errors", "Errors", "{B027B6CE-F216-4FAA-A76B-DDCFA4F3BE62}"
	ProjectSection(SolutionItems) = preProject
		TextFile1.txt = TextFile1.txt
	EndProjectSection
EndProject
Global
	GlobalSection(SolutionConfigurationPlatforms) = preSolution
		Debug|Any CPU = Debug|Any CPU
		Debug|x64 = Debug|x64
		Debug|x86 = Debug|x86
		Release|Any CPU = Release|Any CPU
		Release|x64 = Release|x64
		Release|x86 = Release|x86
	EndGlobalSection
	GlobalSection(ProjectConfigurationPlatforms) = postSolution
		{C21B6228-73BF-45C3-A427-C73299921995}.Debug|Any CPU.ActiveCfg = Debug|Any CPU
		{C21B6228-73BF-45C3-A427-C73299921995}.Debug|Any CPU.Build.0 = Debug|Any CPU
		{C21B6228-73BF-45C3-A427-C73299921995}.Debug|x64.ActiveCfg = Debug|Any CPU
		{C21B6228-73BF-45C3-A427-C73299921995}.Debug|x64.Build.0 = Debug|Any CPU
		{C21B6228-73BF-45C3-A427-C73299921995}.Debug|x86.ActiveCfg = Debug|Any CPU
		{C21B6228-73BF-45C3-A427-C73299921995}.Debug|x86.Build.0 = Debug|Any CPU
		{C21B6228-73BF-45C3-A427-C73299921995}.Release|Any CPU.ActiveCfg = Release|Any CPU
		{C21B6228-73BF-45C3-A427-C73299921995}.Release|Any CPU.Build.0 = Release|Any CPU
		{C21B6228-73BF-45C3-A427-C73299921995}.Release|x64.ActiveCfg = Release|Any CPU
		{C21B6228-73BF-45C3-A427-C73299921995}.Release|x64.Build.0 = Release|Any CPU
		{C21B6228-73BF-45C3-A427-C73299921995}.Release|x86.ActiveCfg = Release|Any CPU
		{C21B6228-73BF-45C3-A427-C73299921995}.Release|x86.Build.0 = Release|Any CPU
		{BA0A9F9D-CDEF-4289-9869-2734D64FBE46}.Debug|Any CPU.ActiveCfg = Debug|Any CPU
		{BA0A9F9D-CDEF-4289-9869-2734D64FBE46}.Debug|Any CPU.Build.0 = Debug|Any CPU
		{BA0A9F9D-CDEF-4289-9869-2734D64FBE46}.Debug|x64.ActiveCfg = Debug|Any CPU
		{BA0A9F9D-CDEF-4289-9869-2734D64FBE46}.Debug|x64.Build.0 = Debug|Any CPU
		{BA0A9F9D-CDEF-4289-9869-2734D64FBE46}.Debug|x86.ActiveCfg = Debug|Any CPU
		{BA0A9F9D-CDEF-4289-9869-2734D64FBE46}.Debug|x86.Build.0 = Debug|Any CPU
		{BA0A9F9D-CDEF-4289-9869-2734D64FBE46}.Release|Any CPU.ActiveCfg = Release|Any CPU
		{BA0A9F9D-CDEF-4289-9869-2734D64FBE46}.Release|Any CPU.Build.0 = Release|Any CPU
		{BA0A9F9D-CDEF-4289-9869-2734D64FBE46}.Release|x64.ActiveCfg = Release|Any CPU
		{BA0A9F9D-CDEF-4289-9869-2734D64FBE46}.Release|x64.Build.0 = Release|Any CPU
		{BA0A9F9D-CDEF-4289-9869-2734D64FBE46}.Release|x86.ActiveCfg = Release|Any CPU
		{BA0A9F9D-CDEF-4289-9869-2734D64FBE46}.Release|x86.Build.0 = Release|Any CPU
		{2D73B6F4-E7AA-4974-AF80-E2C321EB84C6}.Debug|Any CPU.ActiveCfg = Debug|Any CPU
		{2D73B6F4-E7AA-4974-AF80-E2C321EB84C6}.Debug|Any CPU.Build.0 = Debug|Any CPU
		{2D73B6F4-E7AA-4974-AF80-E2C321EB84C6}.Debug|x64.ActiveCfg = Debug|Any CPU
		{2D73B6F4-E7AA-4974-AF80-E2C321EB84C6}.Debug|x64.Build.0 = Debug|Any CPU
		{2D73B6F4-E7AA-4974-AF80-E2C321EB84C6}.Debug|x86.ActiveCfg = Debug|Any CPU
		{2D73B6F4-E7AA-4974-AF80-E2C321EB84C6}.Debug|x86.Build.0 = Debug|Any CPU
		{2D73B6F4-E7AA-4974-AF80-E2C321EB84C6}.Release|Any CPU.ActiveCfg = Release|Any CPU
		{2D73B6F4-E7AA-4974-AF80-E2C321EB84C6}.Release|Any CPU.Build.0 = Release|Any CPU
		{2D73B6F4-E7AA-4974-AF80-E2C321EB84C6}.Release|x64.ActiveCfg = Release|Any CPU
		{2D73B6F4-E7AA-4974-AF80-E2C321EB84C6}.Release|x64.Build.0 = Release|Any CPU
		{2D73B6F4-E7AA-4974-AF80-E2C321EB84C6}.Release|x86.ActiveCfg = Release|Any CPU
		{2D73B6F4-E7AA-4974-AF80-E2C321EB84C6}.Release|x86.Build.0 = Release|Any CPU
	EndGlobalSection
	GlobalSection(SolutionProperties) = preSolution
		HideSolutionNode = FALSE
	EndGlobalSection
	GlobalSection(ExtensibilityGlobals) = postSolution
		SolutionGuid = {CBB61076-8282-4651-8B10-6DD478C28F04}
	EndGlobalSection
EndGlobal
